
Microsoft Visual Studio Solution File, Format Version 12.00
# Visual Studio 15
VisualStudioVersion = 15.0.26730.10
MinimumVisualStudioVersion = 10.0.40219.1
Project("{2150E333-8FDC-42A3-9474-1A3956D46DE8}") = "Tools", "Tools", "{EBB385D5-31AB-45B4-916A-BFE19DC94AA9}"
EndProject
Project("{9A19103F-16F7-4668-BE54-9A1E7A4F7556}") = "BlogsMigration", "BlogsMigration\BlogsMigration.csproj", "{C226FF2A-93DE-471D-825E-B285B030F8EB}"
EndProject
Project("{9A19103F-16F7-4668-BE54-9A1E7A4F7556}") = "ToolConsole", "ToolConsole\ToolConsole.csproj", "{DF1ECE70-716D-47BD-B32E-CBAD7879ED35}"
EndProject
Project("{9A19103F-16F7-4668-BE54-9A1E7A4F7556}") = "HiBlogs.Web", "HiBlogs.Web\HiBlogs.Web.csproj", "{1117779A-FA5B-4803-80D4-7EE341EFA384}"
EndProject
Project("{9A19103F-16F7-4668-BE54-9A1E7A4F7556}") = "HiBlogs.Core", "HiBlogs.Core\HiBlogs.Core.csproj", "{8494B409-0881-41B9-812A-E3855A7B8EEC}"
EndProject
Project("{9A19103F-16F7-4668-BE54-9A1E7A4F7556}") = "HiBlogs.EntityFramework", "HiBlogs.EntityFramework\HiBlogs.EntityFramework.csproj", "{87AD0DB6-8F5C-4183-9250-43DCD9D5F68E}"
EndProject
Project("{9A19103F-16F7-4668-BE54-9A1E7A4F7556}") = "HiBlogs.Application", "HiBlogs.Application\HiBlogs.Application.csproj", "{9BA97402-E4E7-4685-988F-2D016BF8ABDD}"
EndProject
Project("{9A19103F-16F7-4668-BE54-9A1E7A4F7556}") = "HiBlogs.Infrastructure", "HiBlogs.Infrastructure\HiBlogs.Infrastructure.csproj", "{DB51F7CE-7037-423D-851C-3FD6005C1649}"
EndProject
Project("{9A19103F-16F7-4668-BE54-9A1E7A4F7556}") = "HiBlogs.WebApi", "HiBlogs.WebApi\HiBlogs.WebApi.csproj", "{C9CCC092-2686-47A1-872C-C3C495572336}"
EndProject
Project("{2150E333-8FDC-42A3-9474-1A3956D46DE8}") = "Tests", "Tests", "{1DDB327B-FBA0-4993-AC33-BC93BFD56DCE}"
EndProject
Project("{FAE04EC0-301F-11D3-BF4B-00C04F79EFBC}") = "XUnitTestBlogsMigration", "XUnitTestBlogsMigration\XUnitTestBlogsMigration.csproj", "{626CA33E-7174-4FF0-8852-C1B5B42575AB}"
EndProject
Global
	GlobalSection(SolutionConfigurationPlatforms) = preSolution
		Debug|Any CPU = Debug|Any CPU
		Release|Any CPU = Release|Any CPU
	EndGlobalSection
	GlobalSection(ProjectConfigurationPlatforms) = postSolution
		{C226FF2A-93DE-471D-825E-B285B030F8EB}.Debug|Any CPU.ActiveCfg = Debug|Any CPU
		{C226FF2A-93DE-471D-825E-B285B030F8EB}.Debug|Any CPU.Build.0 = Debug|Any CPU
		{C226FF2A-93DE-471D-825E-B285B030F8EB}.Release|Any CPU.ActiveCfg = Release|Any CPU
		{C226FF2A-93DE-471D-825E-B285B030F8EB}.Release|Any CPU.Build.0 = Release|Any CPU
		{DF1ECE70-716D-47BD-B32E-CBAD7879ED35}.Debug|Any CPU.ActiveCfg = Debug|Any CPU
		{DF1ECE70-716D-47BD-B32E-CBAD7879ED35}.Debug|Any CPU.Build.0 = Debug|Any CPU
		{DF1ECE70-716D-47BD-B32E-CBAD7879ED35}.Release|Any CPU.ActiveCfg = Release|Any CPU
		{DF1ECE70-716D-47BD-B32E-CBAD7879ED35}.Release|Any CPU.Build.0 = Release|Any CPU
		{1117779A-FA5B-4803-80D4-7EE341EFA384}.Debug|Any CPU.ActiveCfg = Debug|Any CPU
		{1117779A-FA5B-4803-80D4-7EE341EFA384}.Debug|Any CPU.Build.0 = Debug|Any CPU
		{1117779A-FA5B-4803-80D4-7EE341EFA384}.Release|Any CPU.ActiveCfg = Release|Any CPU
		{1117779A-FA5B-4803-80D4-7EE341EFA384}.Release|Any CPU.Build.0 = Release|Any CPU
		{8494B409-0881-41B9-812A-E3855A7B8EEC}.Debug|Any CPU.ActiveCfg = Debug|Any CPU
		{8494B409-0881-41B9-812A-E3855A7B8EEC}.Debug|Any CPU.Build.0 = Debug|Any CPU
		{8494B409-0881-41B9-812A-E3855A7B8EEC}.Release|Any CPU.ActiveCfg = Release|Any CPU
		{8494B409-0881-41B9-812A-E3855A7B8EEC}.Release|Any CPU.Build.0 = Release|Any CPU
		{87AD0DB6-8F5C-4183-9250-43DCD9D5F68E}.Debug|Any CPU.ActiveCfg = Debug|Any CPU
		{87AD0DB6-8F5C-4183-9250-43DCD9D5F68E}.Debug|Any CPU.Build.0 = Debug|Any CPU
		{87AD0DB6-8F5C-4183-9250-43DCD9D5F68E}.Release|Any CPU.ActiveCfg = Release|Any CPU
		{87AD0DB6-8F5C-4183-9250-43DCD9D5F68E}.Release|Any CPU.Build.0 = Release|Any CPU
		{9BA97402-E4E7-4685-988F-2D016BF8ABDD}.Debug|Any CPU.ActiveCfg = Debug|Any CPU
		{9BA97402-E4E7-4685-988F-2D016BF8ABDD}.Debug|Any CPU.Build.0 = Debug|Any CPU
		{9BA97402-E4E7-4685-988F-2D016BF8ABDD}.Release|Any CPU.ActiveCfg = Release|Any CPU
		{9BA97402-E4E7-4685-988F-2D016BF8ABDD}.Release|Any CPU.Build.0 = Release|Any CPU
		{DB51F7CE-7037-423D-851C-3FD6005C1649}.Debug|Any CPU.ActiveCfg = Debug|Any CPU
		{DB51F7CE-7037-423D-851C-3FD6005C1649}.Debug|Any CPU.Build.0 = Debug|Any CPU
		{DB51F7CE-7037-423D-851C-3FD6005C1649}.Release|Any CPU.ActiveCfg = Release|Any CPU
		{DB51F7CE-7037-423D-851C-3FD6005C1649}.Release|Any CPU.Build.0 = Release|Any CPU
		{C9CCC092-2686-47A1-872C-C3C495572336}.Debug|Any CPU.ActiveCfg = Debug|Any CPU
		{C9CCC092-2686-47A1-872C-C3C495572336}.Debug|Any CPU.Build.0 = Debug|Any CPU
		{C9CCC092-2686-47A1-872C-C3C495572336}.Release|Any CPU.ActiveCfg = Release|Any CPU
		{C9CCC092-2686-47A1-872C-C3C495572336}.Release|Any CPU.Build.0 = Release|Any CPU
		{626CA33E-7174-4FF0-8852-C1B5B42575AB}.Debug|Any CPU.ActiveCfg = Debug|Any CPU
		{626CA33E-7174-4FF0-8852-C1B5B42575AB}.Debug|Any CPU.Build.0 = Debug|Any CPU
		{626CA33E-7174-4FF0-8852-C1B5B42575AB}.Release|Any CPU.ActiveCfg = Release|Any CPU
		{626CA33E-7174-4FF0-8852-C1B5B42575AB}.Release|Any CPU.Build.0 = Release|Any CPU
	EndGlobalSection
	GlobalSection(SolutionProperties) = preSolution
		HideSolutionNode = FALSE
	EndGlobalSection
	GlobalSection(NestedProjects) = preSolution
		{C226FF2A-93DE-471D-825E-B285B030F8EB} = {EBB385D5-31AB-45B4-916A-BFE19DC94AA9}
		{DF1ECE70-716D-47BD-B32E-CBAD7879ED35} = {EBB385D5-31AB-45B4-916A-BFE19DC94AA9}
		{1DDB327B-FBA0-4993-AC33-BC93BFD56DCE} = {EBB385D5-31AB-45B4-916A-BFE19DC94AA9}
		{626CA33E-7174-4FF0-8852-C1B5B42575AB} = {1DDB327B-FBA0-4993-AC33-BC93BFD56DCE}
	EndGlobalSection
	GlobalSection(ExtensibilityGlobals) = postSolution
		SolutionGuid = {CC1F8733-9EFA-46F7-BFAB-43A001C225E7}
	EndGlobalSection
EndGlobal
